// !$*UTF8*$!
{
	archiveVersion = 1;
	classes = {
	};
	objectVersion = 46;
	objects = {

/* Begin PBXBuildFile section */
		18AD3A3B1BBDD4270021586B /* AppDelegate.swift in Sources */ = {isa = PBXBuildFile; fileRef = 18AD3A3A1BBDD4270021586B /* AppDelegate.swift */; };
		18AD3A3E1BBDD4270021586B /* HNApp.xcdatamodeld in Sources */ = {isa = PBXBuildFile; fileRef = 18AD3A3C1BBDD4270021586B /* HNApp.xcdatamodeld */; };
		18AD3A541BBDD4270021586B /* HNAppTests.swift in Sources */ = {isa = PBXBuildFile; fileRef = 18AD3A531BBDD4270021586B /* HNAppTests.swift */; };
		18AD3A5E1BBDD45A0021586B /* StoriesTableViewController.swift in Sources */ = {isa = PBXBuildFile; fileRef = 18AD3A5D1BBDD45A0021586B /* StoriesTableViewController.swift */; };
		18AD3A601BBDD4600021586B /* Main.storyboard in Resources */ = {isa = PBXBuildFile; fileRef = 18AD3A5F1BBDD4600021586B /* Main.storyboard */; };
		18AD3A621BBDD4640021586B /* Images.xcassets in Resources */ = {isa = PBXBuildFile; fileRef = 18AD3A611BBDD4640021586B /* Images.xcassets */; };
		18AD3A641BBDD47A0021586B /* StoryTableViewCell.swift in Sources */ = {isa = PBXBuildFile; fileRef = 18AD3A631BBDD47A0021586B /* StoryTableViewCell.swift */; };
		18AD3A661BBDD48B0021586B /* CommentsTableViewController.swift in Sources */ = {isa = PBXBuildFile; fileRef = 18AD3A651BBDD48B0021586B /* CommentsTableViewController.swift */; };
		18AD3A681BBDD49C0021586B /* CommentTableViewCell.swift in Sources */ = {isa = PBXBuildFile; fileRef = 18AD3A671BBDD49C0021586B /* CommentTableViewCell.swift */; };
		18AD3A6A1BBDD4A80021586B /* ReplyViewController.swift in Sources */ = {isa = PBXBuildFile; fileRef = 18AD3A691BBDD4A80021586B /* ReplyViewController.swift */; };
		18AD3A6C1BBDD4B40021586B /* LoginViewController.swift in Sources */ = {isa = PBXBuildFile; fileRef = 18AD3A6B1BBDD4B40021586B /* LoginViewController.swift */; };
		18AD3A6E1BBDD4C10021586B /* MenuViewController.swift in Sources */ = {isa = PBXBuildFile; fileRef = 18AD3A6D1BBDD4C10021586B /* MenuViewController.swift */; };
		18AD3A701BBDD4CA0021586B /* WebViewController.swift in Sources */ = {isa = PBXBuildFile; fileRef = 18AD3A6F1BBDD4CA0021586B /* WebViewController.swift */; };
		18AD3A721BBDD4D30021586B /* LearnViewController.swift in Sources */ = {isa = PBXBuildFile; fileRef = 18AD3A711BBDD4D30021586B /* LearnViewController.swift */; };
		18AD3A741BBDD4F00021586B /* HNService.swift in Sources */ = {isa = PBXBuildFile; fileRef = 18AD3A731BBDD4F00021586B /* HNService.swift */; };
		18AD3A761BBDD5060021586B /* LocalStore.swift in Sources */ = {isa = PBXBuildFile; fileRef = 18AD3A751BBDD5060021586B /* LocalStore.swift */; };
		18AD3A781BBDD5100021586B /* LaunchScreen.xib in Resources */ = {isa = PBXBuildFile; fileRef = 18AD3A771BBDD5100021586B /* LaunchScreen.xib */; };
		18AD3A7B1BBDD5490021586B /* refresh.wav in Resources */ = {isa = PBXBuildFile; fileRef = 18AD3A791BBDD5490021586B /* refresh.wav */; };
		18AD3A7C1BBDD5490021586B /* upvote.wav in Resources */ = {isa = PBXBuildFile; fileRef = 18AD3A7A1BBDD5490021586B /* upvote.wav */; };
		18AD3A991BBDD5C60021586B /* MJRefreshAutoGifFooter.m in Sources */ = {isa = PBXBuildFile; fileRef = 18AD3A811BBDD5C60021586B /* MJRefreshAutoGifFooter.m */; };
		18AD3A9A1BBDD5C60021586B /* MJRefreshAutoNormalFooter.m in Sources */ = {isa = PBXBuildFile; fileRef = 18AD3A831BBDD5C60021586B /* MJRefreshAutoNormalFooter.m */; };
		18AD3A9B1BBDD5C60021586B /* MJRefreshAutoStateFooter.m in Sources */ = {isa = PBXBuildFile; fileRef = 18AD3A851BBDD5C60021586B /* MJRefreshAutoStateFooter.m */; };
		18AD3A9C1BBDD5C60021586B /* MJRefreshAutoFooter.m in Sources */ = {isa = PBXBuildFile; fileRef = 18AD3A871BBDD5C60021586B /* MJRefreshAutoFooter.m */; };
		18AD3A9D1BBDD5C60021586B /* MJRefreshBackFooter.m in Sources */ = {isa = PBXBuildFile; fileRef = 18AD3A891BBDD5C60021586B /* MJRefreshBackFooter.m */; };
		18AD3A9E1BBDD5C60021586B /* MJRefreshComponent.m in Sources */ = {isa = PBXBuildFile; fileRef = 18AD3A8B1BBDD5C60021586B /* MJRefreshComponent.m */; };
		18AD3A9F1BBDD5C60021586B /* MJRefreshFooter.m in Sources */ = {isa = PBXBuildFile; fileRef = 18AD3A8D1BBDD5C60021586B /* MJRefreshFooter.m */; };
		18AD3AA01BBDD5C60021586B /* MJRefreshHeader.m in Sources */ = {isa = PBXBuildFile; fileRef = 18AD3A8F1BBDD5C60021586B /* MJRefreshHeader.m */; };
		18AD3AA11BBDD5C60021586B /* MJRefreshConst.m in Sources */ = {isa = PBXBuildFile; fileRef = 18AD3A921BBDD5C60021586B /* MJRefreshConst.m */; };
		18AD3AA21BBDD5C60021586B /* UIScrollView+MJExtension.m in Sources */ = {isa = PBXBuildFile; fileRef = 18AD3A941BBDD5C60021586B /* UIScrollView+MJExtension.m */; };
		18AD3AA31BBDD5C60021586B /* UIScrollView+MJRefresh.m in Sources */ = {isa = PBXBuildFile; fileRef = 18AD3A961BBDD5C60021586B /* UIScrollView+MJRefresh.m */; };
		18AD3AA41BBDD5C60021586B /* UIView+MJExtension.m in Sources */ = {isa = PBXBuildFile; fileRef = 18AD3A981BBDD5C60021586B /* UIView+MJExtension.m */; };
		18AD3AA61BBDD5EA0021586B /* SwiftyJSON.swift in Sources */ = {isa = PBXBuildFile; fileRef = 18AD3AA51BBDD5EA0021586B /* SwiftyJSON.swift */; };
		18AD3AC61BBDD6100021586B /* AsyncButton.swift in Sources */ = {isa = PBXBuildFile; fileRef = 18AD3AA81BBDD6100021586B /* AsyncButton.swift */; };
		18AD3AC71BBDD6100021586B /* AsyncImageView.swift in Sources */ = {isa = PBXBuildFile; fileRef = 18AD3AA91BBDD6100021586B /* AsyncImageView.swift */; };
		18AD3AC81BBDD6100021586B /* AutoTextView.swift in Sources */ = {isa = PBXBuildFile; fileRef = 18AD3AAA1BBDD6100021586B /* AutoTextView.swift */; };
		18AD3AC91BBDD6100021586B /* BlurView.swift in Sources */ = {isa = PBXBuildFile; fileRef = 18AD3AAB1BBDD6100021586B /* BlurView.swift */; };
		18AD3ACA1BBDD6100021586B /* DesignableButton.swift in Sources */ = {isa = PBXBuildFile; fileRef = 18AD3AAC1BBDD6100021586B /* DesignableButton.swift */; };
		18AD3ACB1BBDD6100021586B /* DesignableImageView.swift in Sources */ = {isa = PBXBuildFile; fileRef = 18AD3AAD1BBDD6100021586B /* DesignableImageView.swift */; };
		18AD3ACC1BBDD6100021586B /* DesignableLabel.swift in Sources */ = {isa = PBXBuildFile; fileRef = 18AD3AAE1BBDD6100021586B /* DesignableLabel.swift */; };
		18AD3ACD1BBDD6100021586B /* DesignableTabBarController.swift in Sources */ = {isa = PBXBuildFile; fileRef = 18AD3AAF1BBDD6100021586B /* DesignableTabBarController.swift */; };
		18AD3ACE1BBDD6100021586B /* DesignableTextField.swift in Sources */ = {isa = PBXBuildFile; fileRef = 18AD3AB01BBDD6100021586B /* DesignableTextField.swift */; };
		18AD3ACF1BBDD6100021586B /* DesignableTextView.swift in Sources */ = {isa = PBXBuildFile; fileRef = 18AD3AB11BBDD6100021586B /* DesignableTextView.swift */; };
		18AD3AD01BBDD6100021586B /* DesignableView.swift in Sources */ = {isa = PBXBuildFile; fileRef = 18AD3AB21BBDD6100021586B /* DesignableView.swift */; };
		18AD3AD11BBDD6100021586B /* ImageLoader.swift in Sources */ = {isa = PBXBuildFile; fileRef = 18AD3AB31BBDD6100021586B /* ImageLoader.swift */; };
		18AD3AD21BBDD6100021586B /* Info.plist in Resources */ = {isa = PBXBuildFile; fileRef = 18AD3AB41BBDD6100021586B /* Info.plist */; };
		18AD3AD31BBDD6100021586B /* KeyboardLayoutConstraint.swift in Sources */ = {isa = PBXBuildFile; fileRef = 18AD3AB51BBDD6100021586B /* KeyboardLayoutConstraint.swift */; };
		18AD3AD41BBDD6100021586B /* LoadingView.swift in Sources */ = {isa = PBXBuildFile; fileRef = 18AD3AB61BBDD6100021586B /* LoadingView.swift */; };
		18AD3AD51BBDD6100021586B /* LoadingView.xib in Resources */ = {isa = PBXBuildFile; fileRef = 18AD3AB71BBDD6100021586B /* LoadingView.xib */; };
		18AD3AD61BBDD6100021586B /* Misc.swift in Sources */ = {isa = PBXBuildFile; fileRef = 18AD3AB81BBDD6100021586B /* Misc.swift */; };
		18AD3AD71BBDD6100021586B /* SoundPlayer.swift in Sources */ = {isa = PBXBuildFile; fileRef = 18AD3AB91BBDD6100021586B /* SoundPlayer.swift */; };
		18AD3AD81BBDD6100021586B /* Spring.swift in Sources */ = {isa = PBXBuildFile; fileRef = 18AD3ABB1BBDD6100021586B /* Spring.swift */; };
		18AD3AD91BBDD6100021586B /* SpringAnimation.swift in Sources */ = {isa = PBXBuildFile; fileRef = 18AD3ABC1BBDD6100021586B /* SpringAnimation.swift */; };
		18AD3ADA1BBDD6100021586B /* SpringButton.swift in Sources */ = {isa = PBXBuildFile; fileRef = 18AD3ABD1BBDD6100021586B /* SpringButton.swift */; };
		18AD3ADB1BBDD6100021586B /* SpringImageView.swift in Sources */ = {isa = PBXBuildFile; fileRef = 18AD3ABE1BBDD6100021586B /* SpringImageView.swift */; };
		18AD3ADC1BBDD6100021586B /* SpringLabel.swift in Sources */ = {isa = PBXBuildFile; fileRef = 18AD3ABF1BBDD6100021586B /* SpringLabel.swift */; };
		18AD3ADD1BBDD6100021586B /* SpringTextField.swift in Sources */ = {isa = PBXBuildFile; fileRef = 18AD3AC01BBDD6100021586B /* SpringTextField.swift */; };
		18AD3ADE1BBDD6100021586B /* SpringTextView.swift in Sources */ = {isa = PBXBuildFile; fileRef = 18AD3AC11BBDD6100021586B /* SpringTextView.swift */; };
		18AD3ADF1BBDD6100021586B /* SpringView.swift in Sources */ = {isa = PBXBuildFile; fileRef = 18AD3AC21BBDD6100021586B /* SpringView.swift */; };
		18AD3AE01BBDD6100021586B /* TransitionManager.swift in Sources */ = {isa = PBXBuildFile; fileRef = 18AD3AC31BBDD6100021586B /* TransitionManager.swift */; };
		18AD3AE11BBDD6100021586B /* TransitionZoom.swift in Sources */ = {isa = PBXBuildFile; fileRef = 18AD3AC41BBDD6100021586B /* TransitionZoom.swift */; };
		18AD3AE21BBDD6100021586B /* UnwindSegue.swift in Sources */ = {isa = PBXBuildFile; fileRef = 18AD3AC51BBDD6100021586B /* UnwindSegue.swift */; };
		18AD3AEC1BBDD6340021586B /* TPKeyboardAvoidingCollectionView.m in Sources */ = {isa = PBXBuildFile; fileRef = 18AD3AE51BBDD6340021586B /* TPKeyboardAvoidingCollectionView.m */; };
		18AD3AED1BBDD6340021586B /* TPKeyboardAvoidingScrollView.m in Sources */ = {isa = PBXBuildFile; fileRef = 18AD3AE71BBDD6340021586B /* TPKeyboardAvoidingScrollView.m */; };
		18AD3AEE1BBDD6340021586B /* TPKeyboardAvoidingTableView.m in Sources */ = {isa = PBXBuildFile; fileRef = 18AD3AE91BBDD6340021586B /* TPKeyboardAvoidingTableView.m */; };
		18AD3AEF1BBDD6340021586B /* UIScrollView+TPKeyboardAvoidingAdditions.m in Sources */ = {isa = PBXBuildFile; fileRef = 18AD3AEB1BBDD6340021586B /* UIScrollView+TPKeyboardAvoidingAdditions.m */; };
/* End PBXBuildFile section */

/* Begin PBXContainerItemProxy section */
		18AD3A4E1BBDD4270021586B /* PBXContainerItemProxy */ = {
			isa = PBXContainerItemProxy;
			containerPortal = 18AD3A2D1BBDD4270021586B /* Project object */;
			proxyType = 1;
			remoteGlobalIDString = 18AD3A341BBDD4270021586B;
			remoteInfo = HNApp;
		};
/* End PBXContainerItemProxy section */

/* Begin PBXFileReference section */
		18AD3A351BBDD4270021586B /* HNApp.app */ = {isa = PBXFileReference; explicitFileType = wrapper.application; includeInIndex = 0; path = HNApp.app; sourceTree = BUILT_PRODUCTS_DIR; };
		18AD3A391BBDD4270021586B /* Info.plist */ = {isa = PBXFileReference; lastKnownFileType = text.plist.xml; path = Info.plist; sourceTree = "<group>"; };
		18AD3A3A1BBDD4270021586B /* AppDelegate.swift */ = {isa = PBXFileReference; lastKnownFileType = sourcecode.swift; path = AppDelegate.swift; sourceTree = "<group>"; };
		18AD3A3D1BBDD4270021586B /* HNApp.xcdatamodel */ = {isa = PBXFileReference; lastKnownFileType = wrapper.xcdatamodel; path = HNApp.xcdatamodel; sourceTree = "<group>"; };
		18AD3A4D1BBDD4270021586B /* HNAppTests.xctest */ = {isa = PBXFileReference; explicitFileType = wrapper.cfbundle; includeInIndex = 0; path = HNAppTests.xctest; sourceTree = BUILT_PRODUCTS_DIR; };
		18AD3A521BBDD4270021586B /* Info.plist */ = {isa = PBXFileReference; lastKnownFileType = text.plist.xml; path = Info.plist; sourceTree = "<group>"; };
		18AD3A531BBDD4270021586B /* HNAppTests.swift */ = {isa = PBXFileReference; lastKnownFileType = sourcecode.swift; path = HNAppTests.swift; sourceTree = "<group>"; };
		18AD3A5D1BBDD45A0021586B /* StoriesTableViewController.swift */ = {isa = PBXFileReference; fileEncoding = 4; lastKnownFileType = sourcecode.swift; path = StoriesTableViewController.swift; sourceTree = "<group>"; };
		18AD3A5F1BBDD4600021586B /* Main.storyboard */ = {isa = PBXFileReference; fileEncoding = 4; lastKnownFileType = file.storyboard; path = Main.storyboard; sourceTree = "<group>"; };
		18AD3A611BBDD4640021586B /* Images.xcassets */ = {isa = PBXFileReference; lastKnownFileType = folder.assetcatalog; path = Images.xcassets; sourceTree = "<group>"; };
		18AD3A631BBDD47A0021586B /* StoryTableViewCell.swift */ = {isa = PBXFileReference; fileEncoding = 4; lastKnownFileType = sourcecode.swift; path = StoryTableViewCell.swift; sourceTree = "<group>"; };
		18AD3A651BBDD48B0021586B /* CommentsTableViewController.swift */ = {isa = PBXFileReference; fileEncoding = 4; lastKnownFileType = sourcecode.swift; path = CommentsTableViewController.swift; sourceTree = "<group>"; };
		18AD3A671BBDD49C0021586B /* CommentTableViewCell.swift */ = {isa = PBXFileReference; fileEncoding = 4; lastKnownFileType = sourcecode.swift; path = CommentTableViewCell.swift; sourceTree = "<group>"; };
		18AD3A691BBDD4A80021586B /* ReplyViewController.swift */ = {isa = PBXFileReference; fileEncoding = 4; lastKnownFileType = sourcecode.swift; path = ReplyViewController.swift; sourceTree = "<group>"; };
		18AD3A6B1BBDD4B40021586B /* LoginViewController.swift */ = {isa = PBXFileReference; fileEncoding = 4; lastKnownFileType = sourcecode.swift; path = LoginViewController.swift; sourceTree = "<group>"; };
		18AD3A6D1BBDD4C10021586B /* MenuViewController.swift */ = {isa = PBXFileReference; fileEncoding = 4; lastKnownFileType = sourcecode.swift; path = MenuViewController.swift; sourceTree = "<group>"; };
		18AD3A6F1BBDD4CA0021586B /* WebViewController.swift */ = {isa = PBXFileReference; fileEncoding = 4; lastKnownFileType = sourcecode.swift; path = WebViewController.swift; sourceTree = "<group>"; };
		18AD3A711BBDD4D30021586B /* LearnViewController.swift */ = {isa = PBXFileReference; fileEncoding = 4; lastKnownFileType = sourcecode.swift; path = LearnViewController.swift; sourceTree = "<group>"; };
		18AD3A731BBDD4F00021586B /* HNService.swift */ = {isa = PBXFileReference; fileEncoding = 4; lastKnownFileType = sourcecode.swift; path = HNService.swift; sourceTree = "<group>"; };
		18AD3A751BBDD5060021586B /* LocalStore.swift */ = {isa = PBXFileReference; fileEncoding = 4; lastKnownFileType = sourcecode.swift; path = LocalStore.swift; sourceTree = "<group>"; };
		18AD3A771BBDD5100021586B /* LaunchScreen.xib */ = {isa = PBXFileReference; fileEncoding = 4; lastKnownFileType = file.xib; path = LaunchScreen.xib; sourceTree = "<group>"; };
		18AD3A791BBDD5490021586B /* refresh.wav */ = {isa = PBXFileReference; lastKnownFileType = audio.wav; path = refresh.wav; sourceTree = "<group>"; };
		18AD3A7A1BBDD5490021586B /* upvote.wav */ = {isa = PBXFileReference; lastKnownFileType = audio.wav; path = upvote.wav; sourceTree = "<group>"; };
		18AD3A7F1BBDD5C50021586B /* HNApp-Bridging-Header.h */ = {isa = PBXFileReference; lastKnownFileType = sourcecode.c.h; path = "HNApp-Bridging-Header.h"; sourceTree = "<group>"; };
		18AD3A801BBDD5C60021586B /* MJRefreshAutoGifFooter.h */ = {isa = PBXFileReference; fileEncoding = 4; lastKnownFileType = sourcecode.c.h; path = MJRefreshAutoGifFooter.h; sourceTree = "<group>"; };
		18AD3A811BBDD5C60021586B /* MJRefreshAutoGifFooter.m */ = {isa = PBXFileReference; fileEncoding = 4; lastKnownFileType = sourcecode.c.objc; path = MJRefreshAutoGifFooter.m; sourceTree = "<group>"; };
		18AD3A821BBDD5C60021586B /* MJRefreshAutoNormalFooter.h */ = {isa = PBXFileReference; fileEncoding = 4; lastKnownFileType = sourcecode.c.h; path = MJRefreshAutoNormalFooter.h; sourceTree = "<group>"; };
		18AD3A831BBDD5C60021586B /* MJRefreshAutoNormalFooter.m */ = {isa = PBXFileReference; fileEncoding = 4; lastKnownFileType = sourcecode.c.objc; path = MJRefreshAutoNormalFooter.m; sourceTree = "<group>"; };
		18AD3A841BBDD5C60021586B /* MJRefreshAutoStateFooter.h */ = {isa = PBXFileReference; fileEncoding = 4; lastKnownFileType = sourcecode.c.h; path = MJRefreshAutoStateFooter.h; sourceTree = "<group>"; };
		18AD3A851BBDD5C60021586B /* MJRefreshAutoStateFooter.m */ = {isa = PBXFileReference; fileEncoding = 4; lastKnownFileType = sourcecode.c.objc; path = MJRefreshAutoStateFooter.m; sourceTree = "<group>"; };
		18AD3A861BBDD5C60021586B /* MJRefreshAutoFooter.h */ = {isa = PBXFileReference; fileEncoding = 4; lastKnownFileType = sourcecode.c.h; path = MJRefreshAutoFooter.h; sourceTree = "<group>"; };
		18AD3A871BBDD5C60021586B /* MJRefreshAutoFooter.m */ = {isa = PBXFileReference; fileEncoding = 4; lastKnownFileType = sourcecode.c.objc; path = MJRefreshAutoFooter.m; sourceTree = "<group>"; };
		18AD3A881BBDD5C60021586B /* MJRefreshBackFooter.h */ = {isa = PBXFileReference; fileEncoding = 4; lastKnownFileType = sourcecode.c.h; path = MJRefreshBackFooter.h; sourceTree = "<group>"; };
		18AD3A891BBDD5C60021586B /* MJRefreshBackFooter.m */ = {isa = PBXFileReference; fileEncoding = 4; lastKnownFileType = sourcecode.c.objc; path = MJRefreshBackFooter.m; sourceTree = "<group>"; };
		18AD3A8A1BBDD5C60021586B /* MJRefreshComponent.h */ = {isa = PBXFileReference; fileEncoding = 4; lastKnownFileType = sourcecode.c.h; path = MJRefreshComponent.h; sourceTree = "<group>"; };
		18AD3A8B1BBDD5C60021586B /* MJRefreshComponent.m */ = {isa = PBXFileReference; fileEncoding = 4; lastKnownFileType = sourcecode.c.objc; path = MJRefreshComponent.m; sourceTree = "<group>"; };
		18AD3A8C1BBDD5C60021586B /* MJRefreshFooter.h */ = {isa = PBXFileReference; fileEncoding = 4; lastKnownFileType = sourcecode.c.h; path = MJRefreshFooter.h; sourceTree = "<group>"; };
		18AD3A8D1BBDD5C60021586B /* MJRefreshFooter.m */ = {isa = PBXFileReference; fileEncoding = 4; lastKnownFileType = sourcecode.c.objc; path = MJRefreshFooter.m; sourceTree = "<group>"; };
		18AD3A8E1BBDD5C60021586B /* MJRefreshHeader.h */ = {isa = PBXFileReference; fileEncoding = 4; lastKnownFileType = sourcecode.c.h; path = MJRefreshHeader.h; sourceTree = "<group>"; };
		18AD3A8F1BBDD5C60021586B /* MJRefreshHeader.m */ = {isa = PBXFileReference; fileEncoding = 4; lastKnownFileType = sourcecode.c.objc; path = MJRefreshHeader.m; sourceTree = "<group>"; };
		18AD3A901BBDD5C60021586B /* MJRefresh.h */ = {isa = PBXFileReference; fileEncoding = 4; lastKnownFileType = sourcecode.c.h; path = MJRefresh.h; sourceTree = "<group>"; };
		18AD3A911BBDD5C60021586B /* MJRefreshConst.h */ = {isa = PBXFileReference; fileEncoding = 4; lastKnownFileType = sourcecode.c.h; path = MJRefreshConst.h; sourceTree = "<group>"; };
		18AD3A921BBDD5C60021586B /* MJRefreshConst.m */ = {isa = PBXFileReference; fileEncoding = 4; lastKnownFileType = sourcecode.c.objc; path = MJRefreshConst.m; sourceTree = "<group>"; };
		18AD3A931BBDD5C60021586B /* UIScrollView+MJExtension.h */ = {isa = PBXFileReference; fileEncoding = 4; lastKnownFileType = sourcecode.c.h; path = "UIScrollView+MJExtension.h"; sourceTree = "<group>"; };
		18AD3A941BBDD5C60021586B /* UIScrollView+MJExtension.m */ = {isa = PBXFileReference; fileEncoding = 4; lastKnownFileType = sourcecode.c.objc; path = "UIScrollView+MJExtension.m"; sourceTree = "<group>"; };
		18AD3A951BBDD5C60021586B /* UIScrollView+MJRefresh.h */ = {isa = PBXFileReference; fileEncoding = 4; lastKnownFileType = sourcecode.c.h; path = "UIScrollView+MJRefresh.h"; sourceTree = "<group>"; };
		18AD3A961BBDD5C60021586B /* UIScrollView+MJRefresh.m */ = {isa = PBXFileReference; fileEncoding = 4; lastKnownFileType = sourcecode.c.objc; path = "UIScrollView+MJRefresh.m"; sourceTree = "<group>"; };
		18AD3A971BBDD5C60021586B /* UIView+MJExtension.h */ = {isa = PBXFileReference; fileEncoding = 4; lastKnownFileType = sourcecode.c.h; path = "UIView+MJExtension.h"; sourceTree = "<group>"; };
		18AD3A981BBDD5C60021586B /* UIView+MJExtension.m */ = {isa = PBXFileReference; fileEncoding = 4; lastKnownFileType = sourcecode.c.objc; path = "UIView+MJExtension.m"; sourceTree = "<group>"; };
		18AD3AA51BBDD5EA0021586B /* SwiftyJSON.swift */ = {isa = PBXFileReference; fileEncoding = 4; lastKnownFileType = sourcecode.swift; path = SwiftyJSON.swift; sourceTree = "<group>"; };
		18AD3AA81BBDD6100021586B /* AsyncButton.swift */ = {isa = PBXFileReference; fileEncoding = 4; lastKnownFileType = sourcecode.swift; path = AsyncButton.swift; sourceTree = "<group>"; };
		18AD3AA91BBDD6100021586B /* AsyncImageView.swift */ = {isa = PBXFileReference; fileEncoding = 4; lastKnownFileType = sourcecode.swift; path = AsyncImageView.swift; sourceTree = "<group>"; };
		18AD3AAA1BBDD6100021586B /* AutoTextView.swift */ = {isa = PBXFileReference; fileEncoding = 4; lastKnownFileType = sourcecode.swift; path = AutoTextView.swift; sourceTree = "<group>"; };
		18AD3AAB1BBDD6100021586B /* BlurView.swift */ = {isa = PBXFileReference; fileEncoding = 4; lastKnownFileType = sourcecode.swift; path = BlurView.swift; sourceTree = "<group>"; };
		18AD3AAC1BBDD6100021586B /* DesignableButton.swift */ = {isa = PBXFileReference; fileEncoding = 4; lastKnownFileType = sourcecode.swift; path = DesignableButton.swift; sourceTree = "<group>"; };
		18AD3AAD1BBDD6100021586B /* DesignableImageView.swift */ = {isa = PBXFileReference; fileEncoding = 4; lastKnownFileType = sourcecode.swift; path = DesignableImageView.swift; sourceTree = "<group>"; };
		18AD3AAE1BBDD6100021586B /* DesignableLabel.swift */ = {isa = PBXFileReference; fileEncoding = 4; lastKnownFileType = sourcecode.swift; path = DesignableLabel.swift; sourceTree = "<group>"; };
		18AD3AAF1BBDD6100021586B /* DesignableTabBarController.swift */ = {isa = PBXFileReference; fileEncoding = 4; lastKnownFileType = sourcecode.swift; path = DesignableTabBarController.swift; sourceTree = "<group>"; };
		18AD3AB01BBDD6100021586B /* DesignableTextField.swift */ = {isa = PBXFileReference; fileEncoding = 4; lastKnownFileType = sourcecode.swift; path = DesignableTextField.swift; sourceTree = "<group>"; };
		18AD3AB11BBDD6100021586B /* DesignableTextView.swift */ = {isa = PBXFileReference; fileEncoding = 4; lastKnownFileType = sourcecode.swift; path = DesignableTextView.swift; sourceTree = "<group>"; };
		18AD3AB21BBDD6100021586B /* DesignableView.swift */ = {isa = PBXFileReference; fileEncoding = 4; lastKnownFileType = sourcecode.swift; path = DesignableView.swift; sourceTree = "<group>"; };
		18AD3AB31BBDD6100021586B /* ImageLoader.swift */ = {isa = PBXFileReference; fileEncoding = 4; lastKnownFileType = sourcecode.swift; path = ImageLoader.swift; sourceTree = "<group>"; };
		18AD3AB41BBDD6100021586B /* Info.plist */ = {isa = PBXFileReference; fileEncoding = 4; lastKnownFileType = text.plist.xml; path = Info.plist; sourceTree = "<group>"; };
		18AD3AB51BBDD6100021586B /* KeyboardLayoutConstraint.swift */ = {isa = PBXFileReference; fileEncoding = 4; lastKnownFileType = sourcecode.swift; path = KeyboardLayoutConstraint.swift; sourceTree = "<group>"; };
		18AD3AB61BBDD6100021586B /* LoadingView.swift */ = {isa = PBXFileReference; fileEncoding = 4; lastKnownFileType = sourcecode.swift; path = LoadingView.swift; sourceTree = "<group>"; };
		18AD3AB71BBDD6100021586B /* LoadingView.xib */ = {isa = PBXFileReference; fileEncoding = 4; lastKnownFileType = file.xib; path = LoadingView.xib; sourceTree = "<group>"; };
		18AD3AB81BBDD6100021586B /* Misc.swift */ = {isa = PBXFileReference; fileEncoding = 4; lastKnownFileType = sourcecode.swift; path = Misc.swift; sourceTree = "<group>"; };
		18AD3AB91BBDD6100021586B /* SoundPlayer.swift */ = {isa = PBXFileReference; fileEncoding = 4; lastKnownFileType = sourcecode.swift; path = SoundPlayer.swift; sourceTree = "<group>"; };
		18AD3ABA1BBDD6100021586B /* Spring.h */ = {isa = PBXFileReference; fileEncoding = 4; lastKnownFileType = sourcecode.c.h; path = Spring.h; sourceTree = "<group>"; };
		18AD3ABB1BBDD6100021586B /* Spring.swift */ = {isa = PBXFileReference; fileEncoding = 4; lastKnownFileType = sourcecode.swift; path = Spring.swift; sourceTree = "<group>"; };
		18AD3ABC1BBDD6100021586B /* SpringAnimation.swift */ = {isa = PBXFileReference; fileEncoding = 4; lastKnownFileType = sourcecode.swift; path = SpringAnimation.swift; sourceTree = "<group>"; };
		18AD3ABD1BBDD6100021586B /* SpringButton.swift */ = {isa = PBXFileReference; fileEncoding = 4; lastKnownFileType = sourcecode.swift; path = SpringButton.swift; sourceTree = "<group>"; };
		18AD3ABE1BBDD6100021586B /* SpringImageView.swift */ = {isa = PBXFileReference; fileEncoding = 4; lastKnownFileType = sourcecode.swift; path = SpringImageView.swift; sourceTree = "<group>"; };
		18AD3ABF1BBDD6100021586B /* SpringLabel.swift */ = {isa = PBXFileReference; fileEncoding = 4; lastKnownFileType = sourcecode.swift; path = SpringLabel.swift; sourceTree = "<group>"; };
		18AD3AC01BBDD6100021586B /* SpringTextField.swift */ = {isa = PBXFileReference; fileEncoding = 4; lastKnownFileType = sourcecode.swift; path = SpringTextField.swift; sourceTree = "<group>"; };
		18AD3AC11BBDD6100021586B /* SpringTextView.swift */ = {isa = PBXFileReference; fileEncoding = 4; lastKnownFileType = sourcecode.swift; path = SpringTextView.swift; sourceTree = "<group>"; };
		18AD3AC21BBDD6100021586B /* SpringView.swift */ = {isa = PBXFileReference; fileEncoding = 4; lastKnownFileType = sourcecode.swift; path = SpringView.swift; sourceTree = "<group>"; };
		18AD3AC31BBDD6100021586B /* TransitionManager.swift */ = {isa = PBXFileReference; fileEncoding = 4; lastKnownFileType = sourcecode.swift; path = TransitionManager.swift; sourceTree = "<group>"; };
		18AD3AC41BBDD6100021586B /* TransitionZoom.swift */ = {isa = PBXFileReference; fileEncoding = 4; lastKnownFileType = sourcecode.swift; path = TransitionZoom.swift; sourceTree = "<group>"; };
		18AD3AC51BBDD6100021586B /* UnwindSegue.swift */ = {isa = PBXFileReference; fileEncoding = 4; lastKnownFileType = sourcecode.swift; path = UnwindSegue.swift; sourceTree = "<group>"; };
		18AD3AE41BBDD6340021586B /* TPKeyboardAvoidingCollectionView.h */ = {isa = PBXFileReference; fileEncoding = 4; lastKnownFileType = sourcecode.c.h; path = TPKeyboardAvoidingCollectionView.h; sourceTree = "<group>"; };
		18AD3AE51BBDD6340021586B /* TPKeyboardAvoidingCollectionView.m */ = {isa = PBXFileReference; fileEncoding = 4; lastKnownFileType = sourcecode.c.objc; path = TPKeyboardAvoidingCollectionView.m; sourceTree = "<group>"; };
		18AD3AE61BBDD6340021586B /* TPKeyboardAvoidingScrollView.h */ = {isa = PBXFileReference; fileEncoding = 4; lastKnownFileType = sourcecode.c.h; path = TPKeyboardAvoidingScrollView.h; sourceTree = "<group>"; };
		18AD3AE71BBDD6340021586B /* TPKeyboardAvoidingScrollView.m */ = {isa = PBXFileReference; fileEncoding = 4; lastKnownFileType = sourcecode.c.objc; path = TPKeyboardAvoidingScrollView.m; sourceTree = "<group>"; };
		18AD3AE81BBDD6340021586B /* TPKeyboardAvoidingTableView.h */ = {isa = PBXFileReference; fileEncoding = 4; lastKnownFileType = sourcecode.c.h; path = TPKeyboardAvoidingTableView.h; sourceTree = "<group>"; };
		18AD3AE91BBDD6340021586B /* TPKeyboardAvoidingTableView.m */ = {isa = PBXFileReference; fileEncoding = 4; lastKnownFileType = sourcecode.c.objc; path = TPKeyboardAvoidingTableView.m; sourceTree = "<group>"; };
		18AD3AEA1BBDD6340021586B /* UIScrollView+TPKeyboardAvoidingAdditions.h */ = {isa = PBXFileReference; fileEncoding = 4; lastKnownFileType = sourcecode.c.h; path = "UIScrollView+TPKeyboardAvoidingAdditions.h"; sourceTree = "<group>"; };
		18AD3AEB1BBDD6340021586B /* UIScrollView+TPKeyboardAvoidingAdditions.m */ = {isa = PBXFileReference; fileEncoding = 4; lastKnownFileType = sourcecode.c.objc; path = "UIScrollView+TPKeyboardAvoidingAdditions.m"; sourceTree = "<group>"; };
/* End PBXFileReference section */

/* Begin PBXFrameworksBuildPhase section */
		18AD3A321BBDD4270021586B /* Frameworks */ = {
			isa = PBXFrameworksBuildPhase;
			buildActionMask = 2147483647;
			files = (
			);
			runOnlyForDeploymentPostprocessing = 0;
		};
		18AD3A4A1BBDD4270021586B /* Frameworks */ = {
			isa = PBXFrameworksBuildPhase;
			buildActionMask = 2147483647;
			files = (
			);
			runOnlyForDeploymentPostprocessing = 0;
		};
/* End PBXFrameworksBuildPhase section */

/* Begin PBXGroup section */
		18AD3A2C1BBDD4270021586B = {
			isa = PBXGroup;
			children = (
				18AD3A7E1BBDD5A60021586B /* MJRefresh */,
				18AD3AA51BBDD5EA0021586B /* SwiftyJSON.swift */,
				18AD3AA71BBDD6000021586B /* Spring */,
				18AD3AE31BBDD61E0021586B /* TPKeyboardAvoiding */,
				18AD3A371BBDD4270021586B /* HNApp */,
				18AD3A501BBDD4270021586B /* HNAppTests */,
				18AD3A361BBDD4270021586B /* Products */,
			);
			sourceTree = "<group>";
		};
		18AD3A361BBDD4270021586B /* Products */ = {
			isa = PBXGroup;
			children = (
				18AD3A351BBDD4270021586B /* HNApp.app */,
				18AD3A4D1BBDD4270021586B /* HNAppTests.xctest */,
			);
			name = Products;
			sourceTree = "<group>";
		};
		18AD3A371BBDD4270021586B /* HNApp */ = {
			isa = PBXGroup;
			children = (
				18AD3A3A1BBDD4270021586B /* AppDelegate.swift */,
				18AD3A5D1BBDD45A0021586B /* StoriesTableViewController.swift */,
				18AD3A631BBDD47A0021586B /* StoryTableViewCell.swift */,
				18AD3A651BBDD48B0021586B /* CommentsTableViewController.swift */,
				18AD3A671BBDD49C0021586B /* CommentTableViewCell.swift */,
				18AD3A691BBDD4A80021586B /* ReplyViewController.swift */,
				18AD3A6B1BBDD4B40021586B /* LoginViewController.swift */,
				18AD3A6D1BBDD4C10021586B /* MenuViewController.swift */,
				18AD3A6F1BBDD4CA0021586B /* WebViewController.swift */,
				18AD3A711BBDD4D30021586B /* LearnViewController.swift */,
				18AD3A731BBDD4F00021586B /* HNService.swift */,
				18AD3A751BBDD5060021586B /* LocalStore.swift */,
				18AD3A5F1BBDD4600021586B /* Main.storyboard */,
				18AD3A611BBDD4640021586B /* Images.xcassets */,
				18AD3A771BBDD5100021586B /* LaunchScreen.xib */,
				18AD3A3C1BBDD4270021586B /* HNApp.xcdatamodeld */,
				18AD3A381BBDD4270021586B /* Supporting Files */,
			);
			path = HNApp;
			sourceTree = "<group>";
		};
		18AD3A381BBDD4270021586B /* Supporting Files */ = {
			isa = PBXGroup;
			children = (
				18AD3A7D1BBDD5500021586B /* Sounds */,
				18AD3A391BBDD4270021586B /* Info.plist */,
			);
			name = "Supporting Files";
			sourceTree = "<group>";
		};
		18AD3A501BBDD4270021586B /* HNAppTests */ = {
			isa = PBXGroup;
			children = (
				18AD3A531BBDD4270021586B /* HNAppTests.swift */,
				18AD3A511BBDD4270021586B /* Supporting Files */,
			);
			path = HNAppTests;
			sourceTree = "<group>";
		};
		18AD3A511BBDD4270021586B /* Supporting Files */ = {
			isa = PBXGroup;
			children = (
				18AD3A521BBDD4270021586B /* Info.plist */,
			);
			name = "Supporting Files";
			sourceTree = "<group>";
		};
		18AD3A7D1BBDD5500021586B /* Sounds */ = {
			isa = PBXGroup;
			children = (
				18AD3A791BBDD5490021586B /* refresh.wav */,
				18AD3A7A1BBDD5490021586B /* upvote.wav */,
			);
			name = Sounds;
			sourceTree = "<group>";
		};
		18AD3A7E1BBDD5A60021586B /* MJRefresh */ = {
			isa = PBXGroup;
			children = (
				18AD3A801BBDD5C60021586B /* MJRefreshAutoGifFooter.h */,
				18AD3A811BBDD5C60021586B /* MJRefreshAutoGifFooter.m */,
				18AD3A821BBDD5C60021586B /* MJRefreshAutoNormalFooter.h */,
				18AD3A831BBDD5C60021586B /* MJRefreshAutoNormalFooter.m */,
				18AD3A841BBDD5C60021586B /* MJRefreshAutoStateFooter.h */,
				18AD3A851BBDD5C60021586B /* MJRefreshAutoStateFooter.m */,
				18AD3A861BBDD5C60021586B /* MJRefreshAutoFooter.h */,
				18AD3A871BBDD5C60021586B /* MJRefreshAutoFooter.m */,
				18AD3A881BBDD5C60021586B /* MJRefreshBackFooter.h */,
				18AD3A891BBDD5C60021586B /* MJRefreshBackFooter.m */,
				18AD3A8A1BBDD5C60021586B /* MJRefreshComponent.h */,
				18AD3A8B1BBDD5C60021586B /* MJRefreshComponent.m */,
				18AD3A8C1BBDD5C60021586B /* MJRefreshFooter.h */,
				18AD3A8D1BBDD5C60021586B /* MJRefreshFooter.m */,
				18AD3A8E1BBDD5C60021586B /* MJRefreshHeader.h */,
				18AD3A8F1BBDD5C60021586B /* MJRefreshHeader.m */,
				18AD3A901BBDD5C60021586B /* MJRefresh.h */,
				18AD3A911BBDD5C60021586B /* MJRefreshConst.h */,
				18AD3A921BBDD5C60021586B /* MJRefreshConst.m */,
				18AD3A931BBDD5C60021586B /* UIScrollView+MJExtension.h */,
				18AD3A941BBDD5C60021586B /* UIScrollView+MJExtension.m */,
				18AD3A951BBDD5C60021586B /* UIScrollView+MJRefresh.h */,
				18AD3A961BBDD5C60021586B /* UIScrollView+MJRefresh.m */,
				18AD3A971BBDD5C60021586B /* UIView+MJExtension.h */,
				18AD3A981BBDD5C60021586B /* UIView+MJExtension.m */,
				18AD3A7F1BBDD5C50021586B /* HNApp-Bridging-Header.h */,
			);
			name = MJRefresh;
			path = HNApp.xcodeproj;
			sourceTree = "<group>";
		};
		18AD3AA71BBDD6000021586B /* Spring */ = {
			isa = PBXGroup;
			children = (
				18AD3AA81BBDD6100021586B /* AsyncButton.swift */,
				18AD3AA91BBDD6100021586B /* AsyncImageView.swift */,
				18AD3AAA1BBDD6100021586B /* AutoTextView.swift */,
				18AD3AAB1BBDD6100021586B /* BlurView.swift */,
				18AD3AAC1BBDD6100021586B /* DesignableButton.swift */,
				18AD3AAD1BBDD6100021586B /* DesignableImageView.swift */,
				18AD3AAE1BBDD6100021586B /* DesignableLabel.swift */,
				18AD3AAF1BBDD6100021586B /* DesignableTabBarController.swift */,
				18AD3AB01BBDD6100021586B /* DesignableTextField.swift */,
				18AD3AB11BBDD6100021586B /* DesignableTextView.swift */,
				18AD3AB21BBDD6100021586B /* DesignableView.swift */,
				18AD3AB31BBDD6100021586B /* ImageLoader.swift */,
				18AD3AB41BBDD6100021586B /* Info.plist */,
				18AD3AB51BBDD6100021586B /* KeyboardLayoutConstraint.swift */,
				18AD3AB61BBDD6100021586B /* LoadingView.swift */,
				18AD3AB71BBDD6100021586B /* LoadingView.xib */,
				18AD3AB81BBDD6100021586B /* Misc.swift */,
				18AD3AB91BBDD6100021586B /* SoundPlayer.swift */,
				18AD3ABA1BBDD6100021586B /* Spring.h */,
				18AD3ABB1BBDD6100021586B /* Spring.swift */,
				18AD3ABC1BBDD6100021586B /* SpringAnimation.swift */,
				18AD3ABD1BBDD6100021586B /* SpringButton.swift */,
				18AD3ABE1BBDD6100021586B /* SpringImageView.swift */,
				18AD3ABF1BBDD6100021586B /* SpringLabel.swift */,
				18AD3AC01BBDD6100021586B /* SpringTextField.swift */,
				18AD3AC11BBDD6100021586B /* SpringTextView.swift */,
				18AD3AC21BBDD6100021586B /* SpringView.swift */,
				18AD3AC31BBDD6100021586B /* TransitionManager.swift */,
				18AD3AC41BBDD6100021586B /* TransitionZoom.swift */,
				18AD3AC51BBDD6100021586B /* UnwindSegue.swift */,
			);
			name = Spring;
			sourceTree = "<group>";
		};
		18AD3AE31BBDD61E0021586B /* TPKeyboardAvoiding */ = {
			isa = PBXGroup;
			children = (
				18AD3AE41BBDD6340021586B /* TPKeyboardAvoidingCollectionView.h */,
				18AD3AE51BBDD6340021586B /* TPKeyboardAvoidingCollectionView.m */,
				18AD3AE61BBDD6340021586B /* TPKeyboardAvoidingScrollView.h */,
				18AD3AE71BBDD6340021586B /* TPKeyboardAvoidingScrollView.m */,
				18AD3AE81BBDD6340021586B /* TPKeyboardAvoidingTableView.h */,
				18AD3AE91BBDD6340021586B /* TPKeyboardAvoidingTableView.m */,
				18AD3AEA1BBDD6340021586B /* UIScrollView+TPKeyboardAvoidingAdditions.h */,
				18AD3AEB1BBDD6340021586B /* UIScrollView+TPKeyboardAvoidingAdditions.m */,
			);
			name = TPKeyboardAvoiding;
			sourceTree = "<group>";
		};
/* End PBXGroup section */

/* Begin PBXNativeTarget section */
		18AD3A341BBDD4270021586B /* HNApp */ = {
			isa = PBXNativeTarget;
			buildConfigurationList = 18AD3A571BBDD4270021586B /* Build configuration list for PBXNativeTarget "HNApp" */;
			buildPhases = (
				18AD3A311BBDD4270021586B /* Sources */,
				18AD3A321BBDD4270021586B /* Frameworks */,
				18AD3A331BBDD4270021586B /* Resources */,
			);
			buildRules = (
			);
			dependencies = (
			);
			name = HNApp;
			productName = HNApp;
			productReference = 18AD3A351BBDD4270021586B /* HNApp.app */;
			productType = "com.apple.product-type.application";
		};
		18AD3A4C1BBDD4270021586B /* HNAppTests */ = {
			isa = PBXNativeTarget;
			buildConfigurationList = 18AD3A5A1BBDD4270021586B /* Build configuration list for PBXNativeTarget "HNAppTests" */;
			buildPhases = (
				18AD3A491BBDD4270021586B /* Sources */,
				18AD3A4A1BBDD4270021586B /* Frameworks */,
				18AD3A4B1BBDD4270021586B /* Resources */,
			);
			buildRules = (
			);
			dependencies = (
				18AD3A4F1BBDD4270021586B /* PBXTargetDependency */,
			);
			name = HNAppTests;
			productName = HNAppTests;
			productReference = 18AD3A4D1BBDD4270021586B /* HNAppTests.xctest */;
			productType = "com.apple.product-type.bundle.unit-test";
		};
/* End PBXNativeTarget section */

/* Begin PBXProject section */
		18AD3A2D1BBDD4270021586B /* Project object */ = {
			isa = PBXProject;
			attributes = {
				LastUpgradeCheck = 0640;
				ORGANIZATIONNAME = XiaoHuang;
				TargetAttributes = {
					18AD3A341BBDD4270021586B = {
						CreatedOnToolsVersion = 6.4;
					};
					18AD3A4C1BBDD4270021586B = {
						CreatedOnToolsVersion = 6.4;
						TestTargetID = 18AD3A341BBDD4270021586B;
					};
				};
			};
			buildConfigurationList = 18AD3A301BBDD4270021586B /* Build configuration list for PBXProject "HNApp" */;
			compatibilityVersion = "Xcode 3.2";
			developmentRegion = English;
			hasScannedForEncodings = 0;
			knownRegions = (
				en,
				Base,
			);
			mainGroup = 18AD3A2C1BBDD4270021586B;
			productRefGroup = 18AD3A361BBDD4270021586B /* Products */;
			projectDirPath = "";
			projectRoot = "";
			targets = (
				18AD3A341BBDD4270021586B /* HNApp */,
				18AD3A4C1BBDD4270021586B /* HNAppTests */,
			);
		};
/* End PBXProject section */

/* Begin PBXResourcesBuildPhase section */
		18AD3A331BBDD4270021586B /* Resources */ = {
			isa = PBXResourcesBuildPhase;
			buildActionMask = 2147483647;
			files = (
				18AD3A601BBDD4600021586B /* Main.storyboard in Resources */,
				18AD3A781BBDD5100021586B /* LaunchScreen.xib in Resources */,
				18AD3AD21BBDD6100021586B /* Info.plist in Resources */,
				18AD3A7B1BBDD5490021586B /* refresh.wav in Resources */,
				18AD3AD51BBDD6100021586B /* LoadingView.xib in Resources */,
				18AD3A7C1BBDD5490021586B /* upvote.wav in Resources */,
				18AD3A621BBDD4640021586B /* Images.xcassets in Resources */,
			);
			runOnlyForDeploymentPostprocessing = 0;
		};
		18AD3A4B1BBDD4270021586B /* Resources */ = {
			isa = PBXResourcesBuildPhase;
			buildActionMask = 2147483647;
			files = (
			);
			runOnlyForDeploymentPostprocessing = 0;
		};
/* End PBXResourcesBuildPhase section */

/* Begin PBXSourcesBuildPhase section */
		18AD3A311BBDD4270021586B /* Sources */ = {
			isa = PBXSourcesBuildPhase;
			buildActionMask = 2147483647;
			files = (
				18AD3ACB1BBDD6100021586B /* DesignableImageView.swift in Sources */,
				18AD3ADB1BBDD6100021586B /* SpringImageView.swift in Sources */,
				18AD3A6A1BBDD4A80021586B /* ReplyViewController.swift in Sources */,
				18AD3AC81BBDD6100021586B /* AutoTextView.swift in Sources */,
				18AD3A991BBDD5C60021586B /* MJRefreshAutoGifFooter.m in Sources */,
				18AD3A741BBDD4F00021586B /* HNService.swift in Sources */,
				18AD3A661BBDD48B0021586B /* CommentsTableViewController.swift in Sources */,
				18AD3A9B1BBDD5C60021586B /* MJRefreshAutoStateFooter.m in Sources */,
				18AD3AD91BBDD6100021586B /* SpringAnimation.swift in Sources */,
				18AD3AEE1BBDD6340021586B /* TPKeyboardAvoidingTableView.m in Sources */,
				18AD3A9E1BBDD5C60021586B /* MJRefreshComponent.m in Sources */,
				18AD3A761BBDD5060021586B /* LocalStore.swift in Sources */,
				18AD3AA21BBDD5C60021586B /* UIScrollView+MJExtension.m in Sources */,
				18AD3ADD1BBDD6100021586B /* SpringTextField.swift in Sources */,
				18AD3ACC1BBDD6100021586B /* DesignableLabel.swift in Sources */,
				18AD3A9D1BBDD5C60021586B /* MJRefreshBackFooter.m in Sources */,
				18AD3AA11BBDD5C60021586B /* MJRefreshConst.m in Sources */,
				18AD3AED1BBDD6340021586B /* TPKeyboardAvoidingScrollView.m in Sources */,
				18AD3AD41BBDD6100021586B /* LoadingView.swift in Sources */,
				18AD3A681BBDD49C0021586B /* CommentTableViewCell.swift in Sources */,
				18AD3AA61BBDD5EA0021586B /* SwiftyJSON.swift in Sources */,
				18AD3ADE1BBDD6100021586B /* SpringTextView.swift in Sources */,
				18AD3A9F1BBDD5C60021586B /* MJRefreshFooter.m in Sources */,
				18AD3AA01BBDD5C60021586B /* MJRefreshHeader.m in Sources */,
				18AD3AD01BBDD6100021586B /* DesignableView.swift in Sources */,
				18AD3ACE1BBDD6100021586B /* DesignableTextField.swift in Sources */,
				18AD3AE01BBDD6100021586B /* TransitionManager.swift in Sources */,
				18AD3A701BBDD4CA0021586B /* WebViewController.swift in Sources */,
				18AD3ADF1BBDD6100021586B /* SpringView.swift in Sources */,
				18AD3A5E1BBDD45A0021586B /* StoriesTableViewController.swift in Sources */,
				18AD3ADA1BBDD6100021586B /* SpringButton.swift in Sources */,
				18AD3AD71BBDD6100021586B /* SoundPlayer.swift in Sources */,
				18AD3AC91BBDD6100021586B /* BlurView.swift in Sources */,
				18AD3ACF1BBDD6100021586B /* DesignableTextView.swift in Sources */,
				18AD3AE21BBDD6100021586B /* UnwindSegue.swift in Sources */,
				18AD3A6E1BBDD4C10021586B /* MenuViewController.swift in Sources */,
				18AD3AA41BBDD5C60021586B /* UIView+MJExtension.m in Sources */,
				18AD3AD61BBDD6100021586B /* Misc.swift in Sources */,
				18AD3A721BBDD4D30021586B /* LearnViewController.swift in Sources */,
				18AD3AD31BBDD6100021586B /* KeyboardLayoutConstraint.swift in Sources */,
				18AD3A6C1BBDD4B40021586B /* LoginViewController.swift in Sources */,
				18AD3ACD1BBDD6100021586B /* DesignableTabBarController.swift in Sources */,
				18AD3AD11BBDD6100021586B /* ImageLoader.swift in Sources */,
				18AD3A9A1BBDD5C60021586B /* MJRefreshAutoNormalFooter.m in Sources */,
				18AD3A3B1BBDD4270021586B /* AppDelegate.swift in Sources */,
				18AD3AA31BBDD5C60021586B /* UIScrollView+MJRefresh.m in Sources */,
				18AD3AEF1BBDD6340021586B /* UIScrollView+TPKeyboardAvoidingAdditions.m in Sources */,
				18AD3AC61BBDD6100021586B /* AsyncButton.swift in Sources */,
				18AD3ADC1BBDD6100021586B /* SpringLabel.swift in Sources */,
				18AD3AEC1BBDD6340021586B /* TPKeyboardAvoidingCollectionView.m in Sources */,
				18AD3A3E1BBDD4270021586B /* HNApp.xcdatamodeld in Sources */,
				18AD3AD81BBDD6100021586B /* Spring.swift in Sources */,
				18AD3AE11BBDD6100021586B /* TransitionZoom.swift in Sources */,
				18AD3ACA1BBDD6100021586B /* DesignableButton.swift in Sources */,
				18AD3A641BBDD47A0021586B /* StoryTableViewCell.swift in Sources */,
				18AD3A9C1BBDD5C60021586B /* MJRefreshAutoFooter.m in Sources */,
				18AD3AC71BBDD6100021586B /* AsyncImageView.swift in Sources */,
			);
			runOnlyForDeploymentPostprocessing = 0;
		};
		18AD3A491BBDD4270021586B /* Sources */ = {
			isa = PBXSourcesBuildPhase;
			buildActionMask = 2147483647;
			files = (
				18AD3A541BBDD4270021586B /* HNAppTests.swift in Sources */,
			);
			runOnlyForDeploymentPostprocessing = 0;
		};
/* End PBXSourcesBuildPhase section */

/* Begin PBXTargetDependency section */
		18AD3A4F1BBDD4270021586B /* PBXTargetDependency */ = {
			isa = PBXTargetDependency;
			target = 18AD3A341BBDD4270021586B /* HNApp */;
			targetProxy = 18AD3A4E1BBDD4270021586B /* PBXContainerItemProxy */;
		};
/* End PBXTargetDependency section */

/* Begin XCBuildConfiguration section */
		18AD3A551BBDD4270021586B /* Debug */ = {
			isa = XCBuildConfiguration;
			buildSettings = {
				ALWAYS_SEARCH_USER_PATHS = NO;
				CLANG_CXX_LANGUAGE_STANDARD = "gnu++0x";
				CLANG_CXX_LIBRARY = "libc++";
				CLANG_ENABLE_MODULES = YES;
				CLANG_ENABLE_OBJC_ARC = YES;
				CLANG_WARN_BOOL_CONVERSION = YES;
				CLANG_WARN_CONSTANT_CONVERSION = YES;
				CLANG_WARN_DIRECT_OBJC_ISA_USAGE = YES_ERROR;
				CLANG_WARN_EMPTY_BODY = YES;
				CLANG_WARN_ENUM_CONVERSION = YES;
				CLANG_WARN_INT_CONVERSION = YES;
				CLANG_WARN_OBJC_ROOT_CLASS = YES_ERROR;
				CLANG_WARN_UNREACHABLE_CODE = YES;
				CLANG_WARN__DUPLICATE_METHOD_MATCH = YES;
				"CODE_SIGN_IDENTITY[sdk=iphoneos*]" = "iPhone Developer";
				COPY_PHASE_STRIP = NO;
				DEBUG_INFORMATION_FORMAT = "dwarf-with-dsym";
				ENABLE_STRICT_OBJC_MSGSEND = YES;
				GCC_C_LANGUAGE_STANDARD = gnu99;
				GCC_DYNAMIC_NO_PIC = NO;
				GCC_NO_COMMON_BLOCKS = YES;
				GCC_OPTIMIZATION_LEVEL = 0;
				GCC_PREPROCESSOR_DEFINITIONS = (
					"DEBUG=1",
					"$(inherited)",
				);
				GCC_SYMBOLS_PRIVATE_EXTERN = NO;
				GCC_WARN_64_TO_32_BIT_CONVERSION = YES;
				GCC_WARN_ABOUT_RETURN_TYPE = YES_ERROR;
				GCC_WARN_UNDECLARED_SELECTOR = YES;
				GCC_WARN_UNINITIALIZED_AUTOS = YES_AGGRESSIVE;
				GCC_WARN_UNUSED_FUNCTION = YES;
				GCC_WARN_UNUSED_VARIABLE = YES;
				IPHONEOS_DEPLOYMENT_TARGET = 8.4;
				MTL_ENABLE_DEBUG_INFO = YES;
				ONLY_ACTIVE_ARCH = YES;
				SDKROOT = iphoneos;
				SWIFT_OPTIMIZATION_LEVEL = "-Onone";
			};
			name = Debug;
		};
		18AD3A561BBDD4270021586B /* Release */ = {
			isa = XCBuildConfiguration;
			buildSettings = {
				ALWAYS_SEARCH_USER_PATHS = NO;
				CLANG_CXX_LANGUAGE_STANDARD = "gnu++0x";
				CLANG_CXX_LIBRARY = "libc++";
				CLANG_ENABLE_MODULES = YES;
				CLANG_ENABLE_OBJC_ARC = YES;
				CLANG_WARN_BOOL_CONVERSION = YES;
				CLANG_WARN_CONSTANT_CONVERSION = YES;
				CLANG_WARN_DIRECT_OBJC_ISA_USAGE = YES_ERROR;
				CLANG_WARN_EMPTY_BODY = YES;
				CLANG_WARN_ENUM_CONVERSION = YES;
				CLANG_WARN_INT_CONVERSION = YES;
				CLANG_WARN_OBJC_ROOT_CLASS = YES_ERROR;
				CLANG_WARN_UNREACHABLE_CODE = YES;
				CLANG_WARN__DUPLICATE_METHOD_MATCH = YES;
				"CODE_SIGN_IDENTITY[sdk=iphoneos*]" = "iPhone Developer";
				COPY_PHASE_STRIP = NO;
				DEBUG_INFORMATION_FORMAT = "dwarf-with-dsym";
				ENABLE_NS_ASSERTIONS = NO;
				ENABLE_STRICT_OBJC_MSGSEND = YES;
				GCC_C_LANGUAGE_STANDARD = gnu99;
				GCC_NO_COMMON_BLOCKS = YES;
				GCC_WARN_64_TO_32_BIT_CONVERSION = YES;
				GCC_WARN_ABOUT_RETURN_TYPE = YES_ERROR;
				GCC_WARN_UNDECLARED_SELECTOR = YES;
				GCC_WARN_UNINITIALIZED_AUTOS = YES_AGGRESSIVE;
				GCC_WARN_UNUSED_FUNCTION = YES;
				GCC_WARN_UNUSED_VARIABLE = YES;
				IPHONEOS_DEPLOYMENT_TARGET = 8.4;
				MTL_ENABLE_DEBUG_INFO = NO;
				SDKROOT = iphoneos;
				VALIDATE_PRODUCT = YES;
			};
			name = Release;
		};
		18AD3A581BBDD4270021586B /* Debug */ = {
			isa = XCBuildConfiguration;
			buildSettings = {
				ASSETCATALOG_COMPILER_APPICON_NAME = AppIcon;
				CLANG_ENABLE_MODULES = YES;
				INFOPLIST_FILE = HNApp/Info.plist;
				LD_RUNPATH_SEARCH_PATHS = "$(inherited) @executable_path/Frameworks";
				PRODUCT_NAME = "$(TARGET_NAME)";
				SWIFT_OBJC_BRIDGING_HEADER = "HNApp.xcodeproj/HNApp-Bridging-Header.h";
				SWIFT_OPTIMIZATION_LEVEL = "-Onone";
			};
			name = Debug;
		};
		18AD3A591BBDD4270021586B /* Release */ = {
			isa = XCBuildConfiguration;
			buildSettings = {
				ASSETCATALOG_COMPILER_APPICON_NAME = AppIcon;
				CLANG_ENABLE_MODULES = YES;
				INFOPLIST_FILE = HNApp/Info.plist;
				LD_RUNPATH_SEARCH_PATHS = "$(inherited) @executable_path/Frameworks";
				PRODUCT_NAME = "$(TARGET_NAME)";
				SWIFT_OBJC_BRIDGING_HEADER = "HNApp.xcodeproj/HNApp-Bridging-Header.h";
			};
			name = Release;
		};
		18AD3A5B1BBDD4270021586B /* Debug */ = {
			isa = XCBuildConfiguration;
			buildSettings = {
				BUNDLE_LOADER = "$(TEST_HOST)";
				FRAMEWORK_SEARCH_PATHS = (
					"$(SDKROOT)/Developer/Library/Frameworks",
					"$(inherited)",
				);
				GCC_PREPROCESSOR_DEFINITIONS = (
					"DEBUG=1",
					"$(inherited)",
				);
				INFOPLIST_FILE = HNAppTests/Info.plist;
				LD_RUNPATH_SEARCH_PATHS = "$(inherited) @executable_path/Frameworks @loader_path/Frameworks";
				PRODUCT_NAME = "$(TARGET_NAME)";
				TEST_HOST = "$(BUILT_PRODUCTS_DIR)/HNApp.app/HNApp";
			};
			name = Debug;
		};
		18AD3A5C1BBDD4270021586B /* Release */ = {
			isa = XCBuildConfiguration;
			buildSettings = {
				BUNDLE_LOADER = "$(TEST_HOST)";
				FRAMEWORK_SEARCH_PATHS = (
					"$(SDKROOT)/Developer/Library/Frameworks",
					"$(inherited)",
				);
				INFOPLIST_FILE = HNAppTests/Info.plist;
				LD_RUNPATH_SEARCH_PATHS = "$(inherited) @executable_path/Frameworks @loader_path/Frameworks";
				PRODUCT_NAME = "$(TARGET_NAME)";
				TEST_HOST = "$(BUILT_PRODUCTS_DIR)/HNApp.app/HNApp";
			};
			name = Release;
		};
/* End XCBuildConfiguration section */

/* Begin XCConfigurationList section */
		18AD3A301BBDD4270021586B /* Build configuration list for PBXProject "HNApp" */ = {
			isa = XCConfigurationList;
			buildConfigurations = (
				18AD3A551BBDD4270021586B /* Debug */,
				18AD3A561BBDD4270021586B /* Release */,
			);
			defaultConfigurationIsVisible = 0;
			defaultConfigurationName = Release;
		};
		18AD3A571BBDD4270021586B /* Build configuration list for PBXNativeTarget "HNApp" */ = {
			isa = XCConfigurationList;
			buildConfigurations = (
				18AD3A581BBDD4270021586B /* Debug */,
				18AD3A591BBDD4270021586B /* Release */,
			);
			defaultConfigurationIsVisible = 0;
		};
		18AD3A5A1BBDD4270021586B /* Build configuration list for PBXNativeTarget "HNAppTests" */ = {
			isa = XCConfigurationList;
			buildConfigurations = (
				18AD3A5B1BBDD4270021586B /* Debug */,
				18AD3A5C1BBDD4270021586B /* Release */,
			);
			defaultConfigurationIsVisible = 0;
		};
/* End XCConfigurationList section */

/* Begin XCVersionGroup section */
		18AD3A3C1BBDD4270021586B /* HNApp.xcdatamodeld */ = {
			isa = XCVersionGroup;
			children = (
				18AD3A3D1BBDD4270021586B /* HNApp.xcdatamodel */,
			);
			currentVersion = 18AD3A3D1BBDD4270021586B /* HNApp.xcdatamodel */;
			path = HNApp.xcdatamodeld;
			sourceTree = "<group>";
			versionGroupType = wrapper.xcdatamodel;
		};
/* End XCVersionGroup section */
	};
	rootObject = 18AD3A2D1BBDD4270021586B /* Project object */;
}
